<?xml version="1.0" encoding="utf-8"?>
<Project ToolsVersion="4.0" xmlns="http://schemas.microsoft.com/developer/msbuild/2003">
  <ItemGroup>
    <Filter Include="Source Files">
      <UniqueIdentifier>{4FC737F1-C7A5-4376-A066-2A32D752A2FF}</UniqueIdentifier>
      <Extensions>cpp;c;cc;cxx;c++;cppm;ixx;def;odl;idl;hpj;bat;asm;asmx</Extensions>
    </Filter>
    <Filter Include="Header Files">
      <UniqueIdentifier>{93995380-89BD-4b04-88EB-625FBE52EBFB}</UniqueIdentifier>
      <Extensions>h;hh;hpp;hxx;h++;hm;inl;inc;ipp;xsd</Extensions>
    </Filter>
    <Filter Include="Resource Files">
      <UniqueIdentifier>{67DA6AB6-F800-4c08-8B7A-83BB121AAD01}</UniqueIdentifier>
      <Extensions>rc;ico;cur;bmp;dlg;rc2;rct;bin;rgs;gif;jpg;jpeg;jpe;resx;tiff;tif;png;wav;mfcribbon-ms</Extensions>
    </Filter>
    <Filter Include="Source Files\decoder">
      <UniqueIdentifier>{d81a6631-b7af-4f42-a0df-f9a9d3da1784}</UniqueIdentifier>
    </Filter>
    <Filter Include="Source Files\encoder">
      <UniqueIdentifier>{1e98ef97-dd58-480b-88ac-55cab8b03429}</UniqueIdentifier>
    </Filter>
    <Filter Include="Source Files\common">
      <UniqueIdentifier>{4202d40f-7d7b-424a-9000-8871d6f7e371}</UniqueIdentifier>
    </Filter>
    <Filter Include="Source Files\streamers">
      <UniqueIdentifier>{05817dc1-0fcb-4e33-8803-93c91ef1ed31}</UniqueIdentifier>
    </Filter>
    <Filter Include="Source Files\protobuf">
      <UniqueIdentifier>{aa8891c7-bc88-4398-9e0f-a377c6c19fb4}</UniqueIdentifier>
    </Filter>
    <Filter Include="Source Files\actor">
      <UniqueIdentifier>{356868bf-a8eb-4ae6-8a24-477406644cc4}</UniqueIdentifier>
    </Filter>
  </ItemGroup>
  <ItemGroup>
    <ClCompile Include="friendviewer_main.cpp">
      <Filter>Source Files</Filter>
    </ClCompile>
    <ClCompile Include="encoder\DDAImpl.cpp">
      <Filter>Source Files\encoder</Filter>
    </ClCompile>
    <ClCompile Include="decoder\NvDecoder.cpp">
      <Filter>Source Files\decoder</Filter>
    </ClCompile>
    <ClCompile Include="common\Log.cpp">
      <Filter>Source Files\common</Filter>
    </ClCompile>
    <ClCompile Include="common\Timer.cpp">
      <Filter>Source Files\common</Filter>
    </ClCompile>
    <ClCompile Include="streamer\AudioStreamer.cpp">
      <Filter>Source Files\streamers</Filter>
    </ClCompile>
    <ClCompile Include="streamer\VideoStreamer.cpp">
      <Filter>Source Files\streamers</Filter>
    </ClCompile>
    <ClCompile Include="encoder\NvEncoder.cpp">
      <Filter>Source Files\encoder</Filter>
    </ClCompile>
    <ClCompile Include="common\Crypto.cpp">
      <Filter>Source Files\common</Filter>
    </ClCompile>
    <ClCompile Include="common\Socket.cpp">
      <Filter>Source Files\common</Filter>
    </ClCompile>
    <ClCompile Include="common\FrameRingBuffer.cpp">
      <Filter>Source Files\common</Filter>
    </ClCompile>
    <ClCompile Include="common\HostProtocolHandler.cpp">
      <Filter>Source Files\common</Filter>
    </ClCompile>
    <ClCompile Include="common\ClientProtocolHandler.cpp">
      <Filter>Source Files\common</Filter>
    </ClCompile>
    <ClCompile Include="common\ProtocolManager.cpp">
      <Filter>Source Files\common</Filter>
    </ClCompile>
    <ClCompile Include="common\Config.cpp">
      <Filter>Source Files\common</Filter>
    </ClCompile>
    <ClCompile Include="streamer\InputStreamer.cpp">
      <Filter>Source Files\streamers</Filter>
    </ClCompile>
    <ClCompile Include="common\ProtocolHandler.cpp">
      <Filter>Source Files\common</Filter>
    </ClCompile>
    <ClCompile Include="actors\Actor.cpp">
      <Filter>Source Files\actor</Filter>
    </ClCompile>
    <ClCompile Include="actors\ActorEnvironment.cpp">
      <Filter>Source Files\actor</Filter>
    </ClCompile>
    <ClCompile Include="actors\ActorGenerator.cpp">
      <Filter>Source Files\actor</Filter>
    </ClCompile>
    <ClCompile Include="actors\ActorMap.cpp">
      <Filter>Source Files\actor</Filter>
    </ClCompile>
    <ClCompile Include="actors\AdminActor.cpp">
      <Filter>Source Files\actor</Filter>
    </ClCompile>
    <ClCompile Include="actors\BaseActor.cpp">
      <Filter>Source Files\actor</Filter>
    </ClCompile>
    <ClCompile Include="actors\ClientActor.cpp">
      <Filter>Source Files\actor</Filter>
    </ClCompile>
    <ClCompile Include="actors\ClientManagerActor.cpp">
      <Filter>Source Files\actor</Filter>
    </ClCompile>
    <ClCompile Include="actors\DataBuffer.cpp">
      <Filter>Source Files\actor</Filter>
    </ClCompile>
    <ClCompile Include="actors\HeartbeatActor.cpp">
      <Filter>Source Files\actor</Filter>
    </ClCompile>
    <ClCompile Include="actors\HostActor.cpp">
      <Filter>Source Files\actor</Filter>
    </ClCompile>
    <ClCompile Include="actors\ProtocolActor.cpp">
      <Filter>Source Files\actor</Filter>
    </ClCompile>
    <ClCompile Include="actors\SocketActor.cpp">
      <Filter>Source Files\actor</Filter>
    </ClCompile>
    <ClCompile Include="actors\TimerActor.cpp">
      <Filter>Source Files\actor</Filter>
    </ClCompile>
    <ClCompile Include="actors\VideoDecodeActor.cpp">
      <Filter>Source Files\actor</Filter>
    </ClCompile>
    <ClCompile Include="actors\VideoEncodeActor.cpp">
      <Filter>Source Files\actor</Filter>
    </ClCompile>
    <ClCompile Include="protobuf\actor_messages.pb.cc">
      <Filter>Source Files\protobuf</Filter>
    </ClCompile>
    <ClCompile Include="protobuf\client_messages.pb.cc">
      <Filter>Source Files\protobuf</Filter>
    </ClCompile>
    <ClCompile Include="protobuf\host_messages.pb.cc">
      <Filter>Source Files\protobuf</Filter>
    </ClCompile>
    <ClCompile Include="protobuf\network_messages.pb.cc">
      <Filter>Source Files\protobuf</Filter>
    </ClCompile>
  </ItemGroup>
  <ItemGroup>
    <ClInclude Include="encoder\DDAImpl.h">
      <Filter>Source Files\encoder</Filter>
    </ClInclude>
    <ClInclude Include="decoder\FramePresenterD3D.h">
      <Filter>Source Files\decoder</Filter>
    </ClInclude>
    <ClInclude Include="decoder\FramePresenterD3D11.h">
      <Filter>Source Files\decoder</Filter>
    </ClInclude>
    <ClInclude Include="common\Log.h">
      <Filter>Source Files\common</Filter>
    </ClInclude>
    <ClInclude Include="decoder\NvDecoder.h">
      <Filter>Source Files\decoder</Filter>
    </ClInclude>
    <ClInclude Include="common\ColorSpace.h">
      <Filter>Source Files\common</Filter>
    </ClInclude>
    <ClInclude Include="common\NvCodecUtils.h">
      <Filter>Source Files\common</Filter>
    </ClInclude>
    <ClInclude Include="common\Timer.h">
      <Filter>Source Files\common</Filter>
    </ClInclude>
    <ClInclude Include="streamer\AudioStreamer.h">
      <Filter>Source Files\streamers</Filter>
    </ClInclude>
    <ClInclude Include="streamer\VideoStreamer.h">
      <Filter>Source Files\streamers</Filter>
    </ClInclude>
    <ClInclude Include="encoder\NvEncoder.h">
      <Filter>Source Files\encoder</Filter>
    </ClInclude>
    <ClInclude Include="common\Crypto.h">
      <Filter>Source Files\common</Filter>
    </ClInclude>
    <ClInclude Include="common\Socket.h">
      <Filter>Source Files\common</Filter>
    </ClInclude>
    <ClInclude Include="common\FrameRingBuffer.h">
      <Filter>Source Files\common</Filter>
    </ClInclude>
    <ClInclude Include="common\Config.h">
      <Filter>Source Files\common</Filter>
    </ClInclude>
    <ClInclude Include="common\ClientProtocolHandler.h">
      <Filter>Source Files\common</Filter>
    </ClInclude>
    <ClInclude Include="common\HostProtocolHandler.h">
      <Filter>Source Files\common</Filter>
    </ClInclude>
    <ClInclude Include="common\ProtocolManager.h">
      <Filter>Source Files\common</Filter>
    </ClInclude>
    <ClInclude Include="streamer\InputStreamer.h">
      <Filter>Source Files\streamers</Filter>
    </ClInclude>
    <ClInclude Include="common\ProtocolHandler.h">
      <Filter>Source Files\common</Filter>
    </ClInclude>
    <ClInclude Include="actors\Actor.h">
      <Filter>Source Files\actor</Filter>
    </ClInclude>
    <ClInclude Include="actors\ActorEnvironment.h">
      <Filter>Source Files\actor</Filter>
    </ClInclude>
    <ClInclude Include="actors\ActorGenerator.h">
      <Filter>Source Files\actor</Filter>
    </ClInclude>
    <ClInclude Include="actors\ActorMap.h">
      <Filter>Source Files\actor</Filter>
    </ClInclude>
    <ClInclude Include="actors\ActorType.h">
      <Filter>Source Files\actor</Filter>
    </ClInclude>
    <ClInclude Include="actors\AdminActor.h">
      <Filter>Source Files\actor</Filter>
    </ClInclude>
    <ClInclude Include="actors\BaseActor.h">
      <Filter>Source Files\actor</Filter>
    </ClInclude>
    <ClInclude Include="actors\ClientActor.h">
      <Filter>Source Files\actor</Filter>
    </ClInclude>
    <ClInclude Include="actors\ClientManagerActor.h">
      <Filter>Source Files\actor</Filter>
    </ClInclude>
    <ClInclude Include="actors\DataBuffer.h">
      <Filter>Source Files\actor</Filter>
    </ClInclude>
    <ClInclude Include="actors\HeartbeatActor.h">
      <Filter>Source Files\actor</Filter>
    </ClInclude>
    <ClInclude Include="actors\HostActor.h">
      <Filter>Source Files\actor</Filter>
    </ClInclude>
    <ClInclude Include="actors\ProtocolActor.h">
      <Filter>Source Files\actor</Filter>
    </ClInclude>
    <ClInclude Include="actors\SocketActor.h">
      <Filter>Source Files\actor</Filter>
    </ClInclude>
    <ClInclude Include="actors\TimerActor.h">
      <Filter>Source Files\actor</Filter>
    </ClInclude>
    <ClInclude Include="actors\VideoDecodeActor.h">
      <Filter>Source Files\actor</Filter>
    </ClInclude>
    <ClInclude Include="actors\VideoEncodeActor.h">
      <Filter>Source Files\actor</Filter>
    </ClInclude>
    <ClInclude Include="protobuf\actor_messages.pb.h">
      <Filter>Source Files\protobuf</Filter>
    </ClInclude>
    <ClInclude Include="protobuf\client_messages.pb.h">
      <Filter>Source Files\protobuf</Filter>
    </ClInclude>
    <ClInclude Include="protobuf\host_messages.pb.h">
      <Filter>Source Files\protobuf</Filter>
    </ClInclude>
    <ClInclude Include="protobuf\network_messages.pb.h">
      <Filter>Source Files\protobuf</Filter>
    </ClInclude>
  </ItemGroup>
  <ItemGroup>
    <CudaCompile Include="common\ColorSpace.cu">
      <Filter>Source Files\common</Filter>
    </CudaCompile>
  </ItemGroup>
</Project>